
Microsoft Visual Studio Solution File, Format Version 12.00
# Visual Studio Version 17
VisualStudioVersion = 17.5.33502.453
MinimumVisualStudioVersion = 10.0.40219.1
Project("{9A19103F-16F7-4668-BE54-9A1E7A4F7556}") = "G1GLK1_HFT_2021221.Client", "G1GLK1_HFT_2021221.Client\G1GLK1_HFT_2021221.Client.csproj", "{D0EBBEB3-E1D5-4E70-8C5A-3FDF77F634C8}"
EndProject
Project("{9A19103F-16F7-4668-BE54-9A1E7A4F7556}") = "G1GLK1_HFT_2021221.Models", "G1GLK1_HFT_2021221.Models\G1GLK1_HFT_2021221.Models.csproj", "{136E2076-EC15-4BBE-81F3-513D8C4E75FF}"
EndProject
Project("{9A19103F-16F7-4668-BE54-9A1E7A4F7556}") = "G1GLK1_HFT_2021221.Data", "G1GLK1_HFT_2021221.Data\G1GLK1_HFT_2021221.Data.csproj", "{9F3DC094-0075-4980-A005-78E61D6DA2A0}"
EndProject
Project("{9A19103F-16F7-4668-BE54-9A1E7A4F7556}") = "G1GLK1_HFT_2021221.Logic", "G1GLK1_HFT_2021221.Logic\G1GLK1_HFT_2021221.Logic.csproj", "{9C68535E-4207-4E36-81E6-F9AE1FE779B4}"
EndProject
Project("{9A19103F-16F7-4668-BE54-9A1E7A4F7556}") = "G1GLK1_HFT_2021221.Repository", "G1GLK1_HFT_2021221.Repository\G1GLK1_HFT_2021221.Repository.csproj", "{9EBF9FB8-CECF-4574-8A6A-3228F2D7FA44}"
EndProject
Project("{9A19103F-16F7-4668-BE54-9A1E7A4F7556}") = "G1GLK1_HFT_2021221.Test", "G1GLK1_HFT_2021221.Test\G1GLK1_HFT_2021221.Test.csproj", "{8AFF325D-35A7-44CC-870C-897EC0A75AC7}"
EndProject
Project("{2150E333-8FDC-42A3-9474-1A3956D46DE8}") = "Frontend", "Frontend", "{ECED7A09-720A-457B-8BAB-DB8A0CF4FABB}"
EndProject
Project("{2150E333-8FDC-42A3-9474-1A3956D46DE8}") = "Backend", "Backend", "{3A5B577A-8DB9-4E83-A42B-9567909B8E99}"
EndProject
Project("{2150E333-8FDC-42A3-9474-1A3956D46DE8}") = "Shared", "Shared", "{5A04A4EE-403E-43E1-BF57-CFC6AFEAADDB}"
EndProject
Project("{9A19103F-16F7-4668-BE54-9A1E7A4F7556}") = "G1GLK1_SGUI_2023_23_2.Endpoint", "G1GLK1_SGUI_2023_23_2\G1GLK1_SGUI_2023_23_2.Endpoint.csproj", "{5BF56573-A932-4E1B-8F19-86201F4F25B8}"
EndProject
Project("{9A19103F-16F7-4668-BE54-9A1E7A4F7556}") = "G1GLK1_SGUI_2023_23_2.WPFClient", "G1GLK1_SGUI_2023_23_2.WPFClient\G1GLK1_SGUI_2023_23_2.WPFClient.csproj", "{C4679E30-D1AD-4C9D-B261-9CF471008C4B}"
EndProject
Project("{FAE04EC0-301F-11D3-BF4B-00C04F79EFBC}") = "G1GLK1_SGUI_2023_23_2.JSClient", "G1GLK1_SGUI_2023_23_2.JSClient\G1GLK1_SGUI_2023_23_2.JSClient.csproj", "{EE22C447-E638-4153-9495-4EA074BA72D1}"
EndProject
Global
	GlobalSection(SolutionConfigurationPlatforms) = preSolution
		Debug|Any CPU = Debug|Any CPU
		Release|Any CPU = Release|Any CPU
	EndGlobalSection
	GlobalSection(ProjectConfigurationPlatforms) = postSolution
		{D0EBBEB3-E1D5-4E70-8C5A-3FDF77F634C8}.Debug|Any CPU.ActiveCfg = Debug|Any CPU
		{D0EBBEB3-E1D5-4E70-8C5A-3FDF77F634C8}.Debug|Any CPU.Build.0 = Debug|Any CPU
		{D0EBBEB3-E1D5-4E70-8C5A-3FDF77F634C8}.Release|Any CPU.ActiveCfg = Release|Any CPU
		{D0EBBEB3-E1D5-4E70-8C5A-3FDF77F634C8}.Release|Any CPU.Build.0 = Release|Any CPU
		{136E2076-EC15-4BBE-81F3-513D8C4E75FF}.Debug|Any CPU.ActiveCfg = Debug|Any CPU
		{136E2076-EC15-4BBE-81F3-513D8C4E75FF}.Debug|Any CPU.Build.0 = Debug|Any CPU
		{136E2076-EC15-4BBE-81F3-513D8C4E75FF}.Release|Any CPU.ActiveCfg = Release|Any CPU
		{136E2076-EC15-4BBE-81F3-513D8C4E75FF}.Release|Any CPU.Build.0 = Release|Any CPU
		{9F3DC094-0075-4980-A005-78E61D6DA2A0}.Debug|Any CPU.ActiveCfg = Debug|Any CPU
		{9F3DC094-0075-4980-A005-78E61D6DA2A0}.Debug|Any CPU.Build.0 = Debug|Any CPU
		{9F3DC094-0075-4980-A005-78E61D6DA2A0}.Release|Any CPU.ActiveCfg = Release|Any CPU
		{9F3DC094-0075-4980-A005-78E61D6DA2A0}.Release|Any CPU.Build.0 = Release|Any CPU
		{9C68535E-4207-4E36-81E6-F9AE1FE779B4}.Debug|Any CPU.ActiveCfg = Debug|Any CPU
		{9C68535E-4207-4E36-81E6-F9AE1FE779B4}.Debug|Any CPU.Build.0 = Debug|Any CPU
		{9C68535E-4207-4E36-81E6-F9AE1FE779B4}.Release|Any CPU.ActiveCfg = Release|Any CPU
		{9C68535E-4207-4E36-81E6-F9AE1FE779B4}.Release|Any CPU.Build.0 = Release|Any CPU
		{9EBF9FB8-CECF-4574-8A6A-3228F2D7FA44}.Debug|Any CPU.ActiveCfg = Debug|Any CPU
		{9EBF9FB8-CECF-4574-8A6A-3228F2D7FA44}.Debug|Any CPU.Build.0 = Debug|Any CPU
		{9EBF9FB8-CECF-4574-8A6A-3228F2D7FA44}.Release|Any CPU.ActiveCfg = Release|Any CPU
		{9EBF9FB8-CECF-4574-8A6A-3228F2D7FA44}.Release|Any CPU.Build.0 = Release|Any CPU
		{8AFF325D-35A7-44CC-870C-897EC0A75AC7}.Debug|Any CPU.ActiveCfg = Debug|Any CPU
		{8AFF325D-35A7-44CC-870C-897EC0A75AC7}.Debug|Any CPU.Build.0 = Debug|Any CPU
		{8AFF325D-35A7-44CC-870C-897EC0A75AC7}.Release|Any CPU.ActiveCfg = Release|Any CPU
		{8AFF325D-35A7-44CC-870C-897EC0A75AC7}.Release|Any CPU.Build.0 = Release|Any CPU
		{5BF56573-A932-4E1B-8F19-86201F4F25B8}.Debug|Any CPU.ActiveCfg = Debug|Any CPU
		{5BF56573-A932-4E1B-8F19-86201F4F25B8}.Debug|Any CPU.Build.0 = Debug|Any CPU
		{5BF56573-A932-4E1B-8F19-86201F4F25B8}.Release|Any CPU.ActiveCfg = Release|Any CPU
		{5BF56573-A932-4E1B-8F19-86201F4F25B8}.Release|Any CPU.Build.0 = Release|Any CPU
		{C4679E30-D1AD-4C9D-B261-9CF471008C4B}.Debug|Any CPU.ActiveCfg = Debug|Any CPU
		{C4679E30-D1AD-4C9D-B261-9CF471008C4B}.Debug|Any CPU.Build.0 = Debug|Any CPU
		{C4679E30-D1AD-4C9D-B261-9CF471008C4B}.Release|Any CPU.ActiveCfg = Release|Any CPU
		{C4679E30-D1AD-4C9D-B261-9CF471008C4B}.Release|Any CPU.Build.0 = Release|Any CPU
		{EE22C447-E638-4153-9495-4EA074BA72D1}.Debug|Any CPU.ActiveCfg = Debug|Any CPU
		{EE22C447-E638-4153-9495-4EA074BA72D1}.Debug|Any CPU.Build.0 = Debug|Any CPU
		{EE22C447-E638-4153-9495-4EA074BA72D1}.Release|Any CPU.ActiveCfg = Release|Any CPU
		{EE22C447-E638-4153-9495-4EA074BA72D1}.Release|Any CPU.Build.0 = Release|Any CPU
	EndGlobalSection
	GlobalSection(SolutionProperties) = preSolution
		HideSolutionNode = FALSE
	EndGlobalSection
	GlobalSection(NestedProjects) = preSolution
		{D0EBBEB3-E1D5-4E70-8C5A-3FDF77F634C8} = {ECED7A09-720A-457B-8BAB-DB8A0CF4FABB}
		{136E2076-EC15-4BBE-81F3-513D8C4E75FF} = {5A04A4EE-403E-43E1-BF57-CFC6AFEAADDB}
		{9F3DC094-0075-4980-A005-78E61D6DA2A0} = {3A5B577A-8DB9-4E83-A42B-9567909B8E99}
		{9C68535E-4207-4E36-81E6-F9AE1FE779B4} = {3A5B577A-8DB9-4E83-A42B-9567909B8E99}
		{9EBF9FB8-CECF-4574-8A6A-3228F2D7FA44} = {3A5B577A-8DB9-4E83-A42B-9567909B8E99}
		{8AFF325D-35A7-44CC-870C-897EC0A75AC7} = {3A5B577A-8DB9-4E83-A42B-9567909B8E99}
		{5BF56573-A932-4E1B-8F19-86201F4F25B8} = {3A5B577A-8DB9-4E83-A42B-9567909B8E99}
		{C4679E30-D1AD-4C9D-B261-9CF471008C4B} = {ECED7A09-720A-457B-8BAB-DB8A0CF4FABB}
		{EE22C447-E638-4153-9495-4EA074BA72D1} = {ECED7A09-720A-457B-8BAB-DB8A0CF4FABB}
	EndGlobalSection
	GlobalSection(ExtensibilityGlobals) = postSolution
		SolutionGuid = {2630135C-5CE6-4B3B-9137-C355774D635D}
	EndGlobalSection
EndGlobal
